
Microsoft Visual Studio Solution File, Format Version 12.00
# Visual Studio 15
VisualStudioVersion = 15.0.28307.421
MinimumVisualStudioVersion = 10.0.40219.1
Project("{FAE04EC0-301F-11D3-BF4B-00C04F79EFBC}") = "apiBoutique", "apiBoutique\apiBoutique.csproj", "{94B363CB-4A3D-4DBB-89B5-DF46FE789505}"
EndProject
Global
	GlobalSection(SolutionConfigurationPlatforms) = preSolution
		Debug|Any CPU = Debug|Any CPU
		Release|Any CPU = Release|Any CPU
	EndGlobalSection
	GlobalSection(ProjectConfigurationPlatforms) = postSolution
		{94B363CB-4A3D-4DBB-89B5-DF46FE789505}.Debug|Any CPU.ActiveCfg = Debug|Any CPU
		{94B363CB-4A3D-4DBB-89B5-DF46FE789505}.Debug|Any CPU.Build.0 = Debug|Any CPU
		{94B363CB-4A3D-4DBB-89B5-DF46FE789505}.Release|Any CPU.ActiveCfg = Release|Any CPU
		{94B363CB-4A3D-4DBB-89B5-DF46FE789505}.Release|Any CPU.Build.0 = Release|Any CPU
	EndGlobalSection
	GlobalSection(SolutionProperties) = preSolution
		HideSolutionNode = FALSE
	EndGlobalSection
	GlobalSection(ExtensibilityGlobals) = postSolution
		SolutionGuid = {70FBF625-E7C4-4ADF-8D27-1106D7E05967}
	EndGlobalSection
EndGlobal
