
Microsoft Visual Studio Solution File, Format Version 12.00
# Visual Studio 15
VisualStudioVersion = 15.0.28307.421
MinimumVisualStudioVersion = 10.0.40219.1
Project("{FAE04EC0-301F-11D3-BF4B-00C04F79EFBC}") = "apiBoutique", "apiBoutique\apiBoutique.csproj", "{94B363CB-4A3D-4DBB-89B5-DF46FE789505}"
EndProject
Project("{FAE04EC0-301F-11D3-BF4B-00C04F79EFBC}") = "AppBoutique.Android", "AppBoutique\AppBoutique.Android\AppBoutique.Android.csproj", "{2A63C222-DE89-42FB-9342-0B738DCE642D}"
EndProject
Project("{FAE04EC0-301F-11D3-BF4B-00C04F79EFBC}") = "AppBoutique.iOS", "AppBoutique\AppBoutique.iOS\AppBoutique.iOS.csproj", "{D5AD6826-B3E4-4FC2-8E84-A78881C3CEC6}"
EndProject
Project("{FAE04EC0-301F-11D3-BF4B-00C04F79EFBC}") = "AppBoutique", "AppBoutique\AppBoutique\AppBoutique.csproj", "{77FB5C2E-C595-46AB-90F8-41B45B05EC07}"
EndProject
Project("{FAE04EC0-301F-11D3-BF4B-00C04F79EFBC}") = "apiBoutiqueSecurity", "apiBoutiqueSecurity\apiBoutiqueSecurity.csproj", "{210CEE80-06B6-4502-AA82-F7F1A687284D}"
EndProject
Global
	GlobalSection(SolutionConfigurationPlatforms) = preSolution
		Ad-Hoc|Any CPU = Ad-Hoc|Any CPU
		Ad-Hoc|iPhone = Ad-Hoc|iPhone
		Ad-Hoc|iPhoneSimulator = Ad-Hoc|iPhoneSimulator
		AppStore|Any CPU = AppStore|Any CPU
		AppStore|iPhone = AppStore|iPhone
		AppStore|iPhoneSimulator = AppStore|iPhoneSimulator
		Debug|Any CPU = Debug|Any CPU
		Debug|iPhone = Debug|iPhone
		Debug|iPhoneSimulator = Debug|iPhoneSimulator
		Release|Any CPU = Release|Any CPU
		Release|iPhone = Release|iPhone
		Release|iPhoneSimulator = Release|iPhoneSimulator
	EndGlobalSection
	GlobalSection(ProjectConfigurationPlatforms) = postSolution
		{94B363CB-4A3D-4DBB-89B5-DF46FE789505}.Ad-Hoc|Any CPU.ActiveCfg = Release|Any CPU
		{94B363CB-4A3D-4DBB-89B5-DF46FE789505}.Ad-Hoc|Any CPU.Build.0 = Release|Any CPU
		{94B363CB-4A3D-4DBB-89B5-DF46FE789505}.Ad-Hoc|iPhone.ActiveCfg = Release|Any CPU
		{94B363CB-4A3D-4DBB-89B5-DF46FE789505}.Ad-Hoc|iPhone.Build.0 = Release|Any CPU
		{94B363CB-4A3D-4DBB-89B5-DF46FE789505}.Ad-Hoc|iPhoneSimulator.ActiveCfg = Release|Any CPU
		{94B363CB-4A3D-4DBB-89B5-DF46FE789505}.Ad-Hoc|iPhoneSimulator.Build.0 = Release|Any CPU
		{94B363CB-4A3D-4DBB-89B5-DF46FE789505}.AppStore|Any CPU.ActiveCfg = Release|Any CPU
		{94B363CB-4A3D-4DBB-89B5-DF46FE789505}.AppStore|Any CPU.Build.0 = Release|Any CPU
		{94B363CB-4A3D-4DBB-89B5-DF46FE789505}.AppStore|iPhone.ActiveCfg = Release|Any CPU
		{94B363CB-4A3D-4DBB-89B5-DF46FE789505}.AppStore|iPhone.Build.0 = Release|Any CPU
		{94B363CB-4A3D-4DBB-89B5-DF46FE789505}.AppStore|iPhoneSimulator.ActiveCfg = Release|Any CPU
		{94B363CB-4A3D-4DBB-89B5-DF46FE789505}.AppStore|iPhoneSimulator.Build.0 = Release|Any CPU
		{94B363CB-4A3D-4DBB-89B5-DF46FE789505}.Debug|Any CPU.ActiveCfg = Debug|Any CPU
		{94B363CB-4A3D-4DBB-89B5-DF46FE789505}.Debug|Any CPU.Build.0 = Debug|Any CPU
		{94B363CB-4A3D-4DBB-89B5-DF46FE789505}.Debug|iPhone.ActiveCfg = Debug|Any CPU
		{94B363CB-4A3D-4DBB-89B5-DF46FE789505}.Debug|iPhone.Build.0 = Debug|Any CPU
		{94B363CB-4A3D-4DBB-89B5-DF46FE789505}.Debug|iPhoneSimulator.ActiveCfg = Debug|Any CPU
		{94B363CB-4A3D-4DBB-89B5-DF46FE789505}.Debug|iPhoneSimulator.Build.0 = Debug|Any CPU
		{94B363CB-4A3D-4DBB-89B5-DF46FE789505}.Release|Any CPU.ActiveCfg = Release|Any CPU
		{94B363CB-4A3D-4DBB-89B5-DF46FE789505}.Release|Any CPU.Build.0 = Release|Any CPU
		{94B363CB-4A3D-4DBB-89B5-DF46FE789505}.Release|iPhone.ActiveCfg = Release|Any CPU
		{94B363CB-4A3D-4DBB-89B5-DF46FE789505}.Release|iPhone.Build.0 = Release|Any CPU
		{94B363CB-4A3D-4DBB-89B5-DF46FE789505}.Release|iPhoneSimulator.ActiveCfg = Release|Any CPU
		{94B363CB-4A3D-4DBB-89B5-DF46FE789505}.Release|iPhoneSimulator.Build.0 = Release|Any CPU
		{2A63C222-DE89-42FB-9342-0B738DCE642D}.Ad-Hoc|Any CPU.ActiveCfg = Release|Any CPU
		{2A63C222-DE89-42FB-9342-0B738DCE642D}.Ad-Hoc|Any CPU.Build.0 = Release|Any CPU
		{2A63C222-DE89-42FB-9342-0B738DCE642D}.Ad-Hoc|Any CPU.Deploy.0 = Release|Any CPU
		{2A63C222-DE89-42FB-9342-0B738DCE642D}.Ad-Hoc|iPhone.ActiveCfg = Release|Any CPU
		{2A63C222-DE89-42FB-9342-0B738DCE642D}.Ad-Hoc|iPhone.Build.0 = Release|Any CPU
		{2A63C222-DE89-42FB-9342-0B738DCE642D}.Ad-Hoc|iPhone.Deploy.0 = Release|Any CPU
		{2A63C222-DE89-42FB-9342-0B738DCE642D}.Ad-Hoc|iPhoneSimulator.ActiveCfg = Release|Any CPU
		{2A63C222-DE89-42FB-9342-0B738DCE642D}.Ad-Hoc|iPhoneSimulator.Build.0 = Release|Any CPU
		{2A63C222-DE89-42FB-9342-0B738DCE642D}.Ad-Hoc|iPhoneSimulator.Deploy.0 = Release|Any CPU
		{2A63C222-DE89-42FB-9342-0B738DCE642D}.AppStore|Any CPU.ActiveCfg = Release|Any CPU
		{2A63C222-DE89-42FB-9342-0B738DCE642D}.AppStore|Any CPU.Build.0 = Release|Any CPU
		{2A63C222-DE89-42FB-9342-0B738DCE642D}.AppStore|Any CPU.Deploy.0 = Release|Any CPU
		{2A63C222-DE89-42FB-9342-0B738DCE642D}.AppStore|iPhone.ActiveCfg = Release|Any CPU
		{2A63C222-DE89-42FB-9342-0B738DCE642D}.AppStore|iPhone.Build.0 = Release|Any CPU
		{2A63C222-DE89-42FB-9342-0B738DCE642D}.AppStore|iPhone.Deploy.0 = Release|Any CPU
		{2A63C222-DE89-42FB-9342-0B738DCE642D}.AppStore|iPhoneSimulator.ActiveCfg = Release|Any CPU
		{2A63C222-DE89-42FB-9342-0B738DCE642D}.AppStore|iPhoneSimulator.Build.0 = Release|Any CPU
		{2A63C222-DE89-42FB-9342-0B738DCE642D}.AppStore|iPhoneSimulator.Deploy.0 = Release|Any CPU
		{2A63C222-DE89-42FB-9342-0B738DCE642D}.Debug|Any CPU.ActiveCfg = Debug|Any CPU
		{2A63C222-DE89-42FB-9342-0B738DCE642D}.Debug|Any CPU.Build.0 = Debug|Any CPU
		{2A63C222-DE89-42FB-9342-0B738DCE642D}.Debug|Any CPU.Deploy.0 = Debug|Any CPU
		{2A63C222-DE89-42FB-9342-0B738DCE642D}.Debug|iPhone.ActiveCfg = Debug|Any CPU
		{2A63C222-DE89-42FB-9342-0B738DCE642D}.Debug|iPhone.Build.0 = Debug|Any CPU
		{2A63C222-DE89-42FB-9342-0B738DCE642D}.Debug|iPhone.Deploy.0 = Debug|Any CPU
		{2A63C222-DE89-42FB-9342-0B738DCE642D}.Debug|iPhoneSimulator.ActiveCfg = Debug|Any CPU
		{2A63C222-DE89-42FB-9342-0B738DCE642D}.Debug|iPhoneSimulator.Build.0 = Debug|Any CPU
		{2A63C222-DE89-42FB-9342-0B738DCE642D}.Debug|iPhoneSimulator.Deploy.0 = Debug|Any CPU
		{2A63C222-DE89-42FB-9342-0B738DCE642D}.Release|Any CPU.ActiveCfg = Release|Any CPU
		{2A63C222-DE89-42FB-9342-0B738DCE642D}.Release|Any CPU.Build.0 = Release|Any CPU
		{2A63C222-DE89-42FB-9342-0B738DCE642D}.Release|Any CPU.Deploy.0 = Release|Any CPU
		{2A63C222-DE89-42FB-9342-0B738DCE642D}.Release|iPhone.ActiveCfg = Release|Any CPU
		{2A63C222-DE89-42FB-9342-0B738DCE642D}.Release|iPhone.Build.0 = Release|Any CPU
		{2A63C222-DE89-42FB-9342-0B738DCE642D}.Release|iPhone.Deploy.0 = Release|Any CPU
		{2A63C222-DE89-42FB-9342-0B738DCE642D}.Release|iPhoneSimulator.ActiveCfg = Release|Any CPU
		{2A63C222-DE89-42FB-9342-0B738DCE642D}.Release|iPhoneSimulator.Build.0 = Release|Any CPU
		{2A63C222-DE89-42FB-9342-0B738DCE642D}.Release|iPhoneSimulator.Deploy.0 = Release|Any CPU
		{D5AD6826-B3E4-4FC2-8E84-A78881C3CEC6}.Ad-Hoc|Any CPU.ActiveCfg = Ad-Hoc|iPhone
		{D5AD6826-B3E4-4FC2-8E84-A78881C3CEC6}.Ad-Hoc|iPhone.ActiveCfg = Ad-Hoc|iPhone
		{D5AD6826-B3E4-4FC2-8E84-A78881C3CEC6}.Ad-Hoc|iPhone.Build.0 = Ad-Hoc|iPhone
		{D5AD6826-B3E4-4FC2-8E84-A78881C3CEC6}.Ad-Hoc|iPhoneSimulator.ActiveCfg = Ad-Hoc|iPhoneSimulator
		{D5AD6826-B3E4-4FC2-8E84-A78881C3CEC6}.Ad-Hoc|iPhoneSimulator.Build.0 = Ad-Hoc|iPhoneSimulator
		{D5AD6826-B3E4-4FC2-8E84-A78881C3CEC6}.AppStore|Any CPU.ActiveCfg = AppStore|iPhone
		{D5AD6826-B3E4-4FC2-8E84-A78881C3CEC6}.AppStore|iPhone.ActiveCfg = AppStore|iPhone
		{D5AD6826-B3E4-4FC2-8E84-A78881C3CEC6}.AppStore|iPhone.Build.0 = AppStore|iPhone
		{D5AD6826-B3E4-4FC2-8E84-A78881C3CEC6}.AppStore|iPhoneSimulator.ActiveCfg = AppStore|iPhoneSimulator
		{D5AD6826-B3E4-4FC2-8E84-A78881C3CEC6}.AppStore|iPhoneSimulator.Build.0 = AppStore|iPhoneSimulator
		{D5AD6826-B3E4-4FC2-8E84-A78881C3CEC6}.Debug|Any CPU.ActiveCfg = Debug|iPhone
		{D5AD6826-B3E4-4FC2-8E84-A78881C3CEC6}.Debug|iPhone.ActiveCfg = Debug|iPhone
		{D5AD6826-B3E4-4FC2-8E84-A78881C3CEC6}.Debug|iPhone.Build.0 = Debug|iPhone
		{D5AD6826-B3E4-4FC2-8E84-A78881C3CEC6}.Debug|iPhoneSimulator.ActiveCfg = Debug|iPhoneSimulator
		{D5AD6826-B3E4-4FC2-8E84-A78881C3CEC6}.Debug|iPhoneSimulator.Build.0 = Debug|iPhoneSimulator
		{D5AD6826-B3E4-4FC2-8E84-A78881C3CEC6}.Release|Any CPU.ActiveCfg = Release|iPhone
		{D5AD6826-B3E4-4FC2-8E84-A78881C3CEC6}.Release|iPhone.ActiveCfg = Release|iPhone
		{D5AD6826-B3E4-4FC2-8E84-A78881C3CEC6}.Release|iPhone.Build.0 = Release|iPhone
		{D5AD6826-B3E4-4FC2-8E84-A78881C3CEC6}.Release|iPhoneSimulator.ActiveCfg = Release|iPhoneSimulator
		{D5AD6826-B3E4-4FC2-8E84-A78881C3CEC6}.Release|iPhoneSimulator.Build.0 = Release|iPhoneSimulator
		{77FB5C2E-C595-46AB-90F8-41B45B05EC07}.Ad-Hoc|Any CPU.ActiveCfg = Debug|Any CPU
		{77FB5C2E-C595-46AB-90F8-41B45B05EC07}.Ad-Hoc|Any CPU.Build.0 = Debug|Any CPU
		{77FB5C2E-C595-46AB-90F8-41B45B05EC07}.Ad-Hoc|iPhone.ActiveCfg = Debug|Any CPU
		{77FB5C2E-C595-46AB-90F8-41B45B05EC07}.Ad-Hoc|iPhone.Build.0 = Debug|Any CPU
		{77FB5C2E-C595-46AB-90F8-41B45B05EC07}.Ad-Hoc|iPhoneSimulator.ActiveCfg = Debug|Any CPU
		{77FB5C2E-C595-46AB-90F8-41B45B05EC07}.Ad-Hoc|iPhoneSimulator.Build.0 = Debug|Any CPU
		{77FB5C2E-C595-46AB-90F8-41B45B05EC07}.AppStore|Any CPU.ActiveCfg = Debug|Any CPU
		{77FB5C2E-C595-46AB-90F8-41B45B05EC07}.AppStore|Any CPU.Build.0 = Debug|Any CPU
		{77FB5C2E-C595-46AB-90F8-41B45B05EC07}.AppStore|iPhone.ActiveCfg = Debug|Any CPU
		{77FB5C2E-C595-46AB-90F8-41B45B05EC07}.AppStore|iPhone.Build.0 = Debug|Any CPU
		{77FB5C2E-C595-46AB-90F8-41B45B05EC07}.AppStore|iPhoneSimulator.ActiveCfg = Debug|Any CPU
		{77FB5C2E-C595-46AB-90F8-41B45B05EC07}.AppStore|iPhoneSimulator.Build.0 = Debug|Any CPU
		{77FB5C2E-C595-46AB-90F8-41B45B05EC07}.Debug|Any CPU.ActiveCfg = Debug|Any CPU
		{77FB5C2E-C595-46AB-90F8-41B45B05EC07}.Debug|Any CPU.Build.0 = Debug|Any CPU
		{77FB5C2E-C595-46AB-90F8-41B45B05EC07}.Debug|iPhone.ActiveCfg = Debug|Any CPU
		{77FB5C2E-C595-46AB-90F8-41B45B05EC07}.Debug|iPhone.Build.0 = Debug|Any CPU
		{77FB5C2E-C595-46AB-90F8-41B45B05EC07}.Debug|iPhoneSimulator.ActiveCfg = Debug|Any CPU
		{77FB5C2E-C595-46AB-90F8-41B45B05EC07}.Debug|iPhoneSimulator.Build.0 = Debug|Any CPU
		{77FB5C2E-C595-46AB-90F8-41B45B05EC07}.Release|Any CPU.ActiveCfg = Release|Any CPU
		{77FB5C2E-C595-46AB-90F8-41B45B05EC07}.Release|Any CPU.Build.0 = Release|Any CPU
		{77FB5C2E-C595-46AB-90F8-41B45B05EC07}.Release|iPhone.ActiveCfg = Release|Any CPU
		{77FB5C2E-C595-46AB-90F8-41B45B05EC07}.Release|iPhone.Build.0 = Release|Any CPU
		{77FB5C2E-C595-46AB-90F8-41B45B05EC07}.Release|iPhoneSimulator.ActiveCfg = Release|Any CPU
		{77FB5C2E-C595-46AB-90F8-41B45B05EC07}.Release|iPhoneSimulator.Build.0 = Release|Any CPU
		{210CEE80-06B6-4502-AA82-F7F1A687284D}.Ad-Hoc|Any CPU.ActiveCfg = Release|Any CPU
		{210CEE80-06B6-4502-AA82-F7F1A687284D}.Ad-Hoc|Any CPU.Build.0 = Release|Any CPU
		{210CEE80-06B6-4502-AA82-F7F1A687284D}.Ad-Hoc|iPhone.ActiveCfg = Release|Any CPU
		{210CEE80-06B6-4502-AA82-F7F1A687284D}.Ad-Hoc|iPhone.Build.0 = Release|Any CPU
		{210CEE80-06B6-4502-AA82-F7F1A687284D}.Ad-Hoc|iPhoneSimulator.ActiveCfg = Release|Any CPU
		{210CEE80-06B6-4502-AA82-F7F1A687284D}.Ad-Hoc|iPhoneSimulator.Build.0 = Release|Any CPU
		{210CEE80-06B6-4502-AA82-F7F1A687284D}.AppStore|Any CPU.ActiveCfg = Release|Any CPU
		{210CEE80-06B6-4502-AA82-F7F1A687284D}.AppStore|Any CPU.Build.0 = Release|Any CPU
		{210CEE80-06B6-4502-AA82-F7F1A687284D}.AppStore|iPhone.ActiveCfg = Release|Any CPU
		{210CEE80-06B6-4502-AA82-F7F1A687284D}.AppStore|iPhone.Build.0 = Release|Any CPU
		{210CEE80-06B6-4502-AA82-F7F1A687284D}.AppStore|iPhoneSimulator.ActiveCfg = Release|Any CPU
		{210CEE80-06B6-4502-AA82-F7F1A687284D}.AppStore|iPhoneSimulator.Build.0 = Release|Any CPU
		{210CEE80-06B6-4502-AA82-F7F1A687284D}.Debug|Any CPU.ActiveCfg = Debug|Any CPU
		{210CEE80-06B6-4502-AA82-F7F1A687284D}.Debug|Any CPU.Build.0 = Debug|Any CPU
		{210CEE80-06B6-4502-AA82-F7F1A687284D}.Debug|iPhone.ActiveCfg = Debug|Any CPU
		{210CEE80-06B6-4502-AA82-F7F1A687284D}.Debug|iPhone.Build.0 = Debug|Any CPU
		{210CEE80-06B6-4502-AA82-F7F1A687284D}.Debug|iPhoneSimulator.ActiveCfg = Debug|Any CPU
		{210CEE80-06B6-4502-AA82-F7F1A687284D}.Debug|iPhoneSimulator.Build.0 = Debug|Any CPU
		{210CEE80-06B6-4502-AA82-F7F1A687284D}.Release|Any CPU.ActiveCfg = Release|Any CPU
		{210CEE80-06B6-4502-AA82-F7F1A687284D}.Release|Any CPU.Build.0 = Release|Any CPU
		{210CEE80-06B6-4502-AA82-F7F1A687284D}.Release|iPhone.ActiveCfg = Release|Any CPU
		{210CEE80-06B6-4502-AA82-F7F1A687284D}.Release|iPhone.Build.0 = Release|Any CPU
		{210CEE80-06B6-4502-AA82-F7F1A687284D}.Release|iPhoneSimulator.ActiveCfg = Release|Any CPU
		{210CEE80-06B6-4502-AA82-F7F1A687284D}.Release|iPhoneSimulator.Build.0 = Release|Any CPU
	EndGlobalSection
	GlobalSection(SolutionProperties) = preSolution
		HideSolutionNode = FALSE
	EndGlobalSection
	GlobalSection(ExtensibilityGlobals) = postSolution
		SolutionGuid = {70FBF625-E7C4-4ADF-8D27-1106D7E05967}
	EndGlobalSection
EndGlobal
